{
  "nodes": {
    "nixpkgs": {
      "locked": {
        "lastModified": 1765154557,
        "narHash": "sha256-DqDYqkyR9WZW0qmtAQUe4BXngExc6FtmvAlAXuX4xIc=",
        "owner": "NixOS",
        "repo": "nixpkgs",
        "rev": "5ba7c7eed7434d64797c787301029b8a2cae1896",
        "type": "github"
      },
      "original": {
        "owner": "NixOS",
        "repo": "nixpkgs",
        "type": "github"
      }
    },
    "root": {
      "inputs": {
        "nixpkgs": "nixpkgs"
      }
    }
  },
  "root": "root",
  "version": 7
}
